
Microsoft Visual Studio Solution File, Format Version 12.00
# Visual Studio Version 17
VisualStudioVersion = 17.7.34003.232
MinimumVisualStudioVersion = 10.0.40219.1
Project("{FAE04EC0-301F-11D3-BF4B-00C04F79EFBC}") = "ticaretler", "ticaretler\ticaretler.csproj", "{AA275E18-62D4-4007-98D6-906D11648EDE}"
EndProject
Project("{FAE04EC0-301F-11D3-BF4B-00C04F79EFBC}") = "DataAccessLayer", "DataAccessLayer\DataAccessLayer.csproj", "{8D2EE539-6FC1-4531-96CF-F0981AC730BC}"
EndProject
Project("{FAE04EC0-301F-11D3-BF4B-00C04F79EFBC}") = "BusinessLayer", "BusinessLayer\BusinessLayer.csproj", "{00B360CF-DB7A-4035-85F3-3B6A045D3FC4}"
EndProject
Project("{FAE04EC0-301F-11D3-BF4B-00C04F79EFBC}") = "EntityLayer", "EntityLayer\EntityLayer.csproj", "{F8A2169C-0E41-4BE5-A132-E53B5F1324B8}"
EndProject
Global
	GlobalSection(SolutionConfigurationPlatforms) = preSolution
		Debug|Any CPU = Debug|Any CPU
		Release|Any CPU = Release|Any CPU
	EndGlobalSection
	GlobalSection(ProjectConfigurationPlatforms) = postSolution
		{AA275E18-62D4-4007-98D6-906D11648EDE}.Debug|Any CPU.ActiveCfg = Debug|Any CPU
		{AA275E18-62D4-4007-98D6-906D11648EDE}.Debug|Any CPU.Build.0 = Debug|Any CPU
		{AA275E18-62D4-4007-98D6-906D11648EDE}.Release|Any CPU.ActiveCfg = Release|Any CPU
		{AA275E18-62D4-4007-98D6-906D11648EDE}.Release|Any CPU.Build.0 = Release|Any CPU
		{8D2EE539-6FC1-4531-96CF-F0981AC730BC}.Debug|Any CPU.ActiveCfg = Debug|Any CPU
		{8D2EE539-6FC1-4531-96CF-F0981AC730BC}.Debug|Any CPU.Build.0 = Debug|Any CPU
		{8D2EE539-6FC1-4531-96CF-F0981AC730BC}.Release|Any CPU.ActiveCfg = Release|Any CPU
		{8D2EE539-6FC1-4531-96CF-F0981AC730BC}.Release|Any CPU.Build.0 = Release|Any CPU
		{00B360CF-DB7A-4035-85F3-3B6A045D3FC4}.Debug|Any CPU.ActiveCfg = Debug|Any CPU
		{00B360CF-DB7A-4035-85F3-3B6A045D3FC4}.Debug|Any CPU.Build.0 = Debug|Any CPU
		{00B360CF-DB7A-4035-85F3-3B6A045D3FC4}.Release|Any CPU.ActiveCfg = Release|Any CPU
		{00B360CF-DB7A-4035-85F3-3B6A045D3FC4}.Release|Any CPU.Build.0 = Release|Any CPU
		{F8A2169C-0E41-4BE5-A132-E53B5F1324B8}.Debug|Any CPU.ActiveCfg = Debug|Any CPU
		{F8A2169C-0E41-4BE5-A132-E53B5F1324B8}.Debug|Any CPU.Build.0 = Debug|Any CPU
		{F8A2169C-0E41-4BE5-A132-E53B5F1324B8}.Release|Any CPU.ActiveCfg = Release|Any CPU
		{F8A2169C-0E41-4BE5-A132-E53B5F1324B8}.Release|Any CPU.Build.0 = Release|Any CPU
	EndGlobalSection
	GlobalSection(SolutionProperties) = preSolution
		HideSolutionNode = FALSE
	EndGlobalSection
	GlobalSection(ExtensibilityGlobals) = postSolution
		SolutionGuid = {76C76028-7F22-42D1-BCD5-A39401485FEC}
	EndGlobalSection
EndGlobal
